
Microsoft Visual Studio Solution File, Format Version 12.00
# Visual Studio Version 16
VisualStudioVersion = 16.0.31025.194
MinimumVisualStudioVersion = 10.0.40219.1
Project("{8BC9CEB8-8B4A-11D0-8D11-00A0C91BC942}") = "ex_05", "ex_05\ex_05.vcxproj", "{1A279B7A-1285-4B96-A7EE-31C8DB44A637}"
EndProject
Global
	GlobalSection(SolutionConfigurationPlatforms) = preSolution
		Debug|x64 = Debug|x64
		Debug|x86 = Debug|x86
		Release|x64 = Release|x64
		Release|x86 = Release|x86
	EndGlobalSection
	GlobalSection(ProjectConfigurationPlatforms) = postSolution
		{1A279B7A-1285-4B96-A7EE-31C8DB44A637}.Debug|x64.ActiveCfg = Debug|x64
		{1A279B7A-1285-4B96-A7EE-31C8DB44A637}.Debug|x64.Build.0 = Debug|x64
		{1A279B7A-1285-4B96-A7EE-31C8DB44A637}.Debug|x86.ActiveCfg = Debug|Win32
		{1A279B7A-1285-4B96-A7EE-31C8DB44A637}.Debug|x86.Build.0 = Debug|Win32
		{1A279B7A-1285-4B96-A7EE-31C8DB44A637}.Release|x64.ActiveCfg = Release|x64
		{1A279B7A-1285-4B96-A7EE-31C8DB44A637}.Release|x64.Build.0 = Release|x64
		{1A279B7A-1285-4B96-A7EE-31C8DB44A637}.Release|x86.ActiveCfg = Release|Win32
		{1A279B7A-1285-4B96-A7EE-31C8DB44A637}.Release|x86.Build.0 = Release|Win32
	EndGlobalSection
	GlobalSection(SolutionProperties) = preSolution
		HideSolutionNode = FALSE
	EndGlobalSection
	GlobalSection(ExtensibilityGlobals) = postSolution
		SolutionGuid = {1CE96E72-ED4C-4B13-895A-586A260816E2}
	EndGlobalSection
EndGlobal
