
Microsoft Visual Studio Solution File, Format Version 12.00
# Visual Studio Version 16
VisualStudioVersion = 16.0.31025.194
MinimumVisualStudioVersion = 10.0.40219.1
Project("{8BC9CEB8-8B4A-11D0-8D11-00A0C91BC942}") = "ex_12_super_ellipse", "ex_12_super_ellipse\ex_12_super_ellipse.vcxproj", "{A3AC1626-1E0C-4787-B23D-97FD3B9A75B4}"
EndProject
Global
	GlobalSection(SolutionConfigurationPlatforms) = preSolution
		Debug|x64 = Debug|x64
		Debug|x86 = Debug|x86
		Release|x64 = Release|x64
		Release|x86 = Release|x86
	EndGlobalSection
	GlobalSection(ProjectConfigurationPlatforms) = postSolution
		{A3AC1626-1E0C-4787-B23D-97FD3B9A75B4}.Debug|x64.ActiveCfg = Debug|x64
		{A3AC1626-1E0C-4787-B23D-97FD3B9A75B4}.Debug|x64.Build.0 = Debug|x64
		{A3AC1626-1E0C-4787-B23D-97FD3B9A75B4}.Debug|x86.ActiveCfg = Debug|Win32
		{A3AC1626-1E0C-4787-B23D-97FD3B9A75B4}.Debug|x86.Build.0 = Debug|Win32
		{A3AC1626-1E0C-4787-B23D-97FD3B9A75B4}.Release|x64.ActiveCfg = Release|x64
		{A3AC1626-1E0C-4787-B23D-97FD3B9A75B4}.Release|x64.Build.0 = Release|x64
		{A3AC1626-1E0C-4787-B23D-97FD3B9A75B4}.Release|x86.ActiveCfg = Release|Win32
		{A3AC1626-1E0C-4787-B23D-97FD3B9A75B4}.Release|x86.Build.0 = Release|Win32
	EndGlobalSection
	GlobalSection(SolutionProperties) = preSolution
		HideSolutionNode = FALSE
	EndGlobalSection
	GlobalSection(ExtensibilityGlobals) = postSolution
		SolutionGuid = {F4475A6E-8983-46BD-8CAF-18982B864119}
	EndGlobalSection
EndGlobal
